# generated by rye
# use `rye lock` or `rye sync` to update this lockfile
#
# last locked with the following flags:
#   pre: false
#   features: []
#   all-features: false
#   with-sources: false
#   generate-hashes: false
#   universal: false

-e file:.
aiohappyeyeballs==2.6.1
    # via aiohttp
aiohttp==3.11.18
    # via langchain-community
    # via llama-index-core
aiosignal==1.3.2
    # via aiohttp
alembic==1.15.2
    # via flask-migrate
annotated-types==0.7.0
    # via pydantic
anyio==4.9.0
    # via httpx
    # via openai
    # via starlette
async-timeout==4.0.3
    # via aiohttp
    # via asyncpg
    # via langchain
asyncpg==0.30.0
    # via langchain-postgres
attrs==25.3.0
    # via aiohttp
banks==2.1.2
    # via llama-index-core
beautifulsoup4==4.13.4
    # via llama-index-readers-file
blinker==1.9.0
    # via flask
bottleneck==1.4.2
    # via langchain-google-vertexai
cachetools==5.5.2
    # via google-auth
certifi==2025.4.26
    # via httpcore
    # via httpx
    # via llama-cloud
    # via requests
charset-normalizer==3.4.1
    # via requests
click==8.1.8
    # via flask
    # via llama-cloud-services
    # via nltk
    # via uvicorn
cohere==5.15.0
    # via rinj
colorama==0.4.6
    # via click
    # via griffe
    # via tqdm
dataclasses-json==0.6.7
    # via langchain-community
    # via llama-index-core
deprecated==1.2.18
    # via banks
    # via llama-index-core
dirtyjson==1.0.8
    # via llama-index-core
diskcache==5.6.3
    # via llama-cpp-python
distro==1.9.0
    # via openai
docstring-parser==0.16
    # via google-cloud-aiplatform
exceptiongroup==1.2.2
    # via anyio
fastapi==0.115.12
    # via rinj
fastavro==1.10.0
    # via cohere
filelock==3.18.0
    # via huggingface-hub
    # via torch
    # via transformers
filetype==1.2.0
    # via langchain-google-genai
    # via llama-index-core
flask==3.1.0
    # via flask-migrate
    # via flask-sqlalchemy
    # via rinj
flask-migrate==4.1.0
    # via rinj
flask-sqlalchemy==3.1.1
    # via flask-migrate
frozenlist==1.6.0
    # via aiohttp
    # via aiosignal
fsspec==2025.3.2
    # via huggingface-hub
    # via llama-index-core
    # via torch
google-ai-generativelanguage==0.6.18
    # via langchain-google-genai
google-api-core==2.24.2
    # via google-ai-generativelanguage
    # via google-cloud-aiplatform
    # via google-cloud-bigquery
    # via google-cloud-core
    # via google-cloud-resource-manager
    # via google-cloud-storage
google-auth==2.39.0
    # via google-ai-generativelanguage
    # via google-api-core
    # via google-cloud-aiplatform
    # via google-cloud-bigquery
    # via google-cloud-core
    # via google-cloud-resource-manager
    # via google-cloud-storage
google-cloud-aiplatform==1.91.0
    # via langchain-google-vertexai
google-cloud-bigquery==3.31.0
    # via google-cloud-aiplatform
google-cloud-core==2.4.3
    # via google-cloud-bigquery
    # via google-cloud-storage
google-cloud-resource-manager==1.14.2
    # via google-cloud-aiplatform
google-cloud-storage==2.19.0
    # via google-cloud-aiplatform
    # via langchain-google-vertexai
google-crc32c==1.7.1
    # via google-cloud-storage
    # via google-resumable-media
google-resumable-media==2.7.2
    # via google-cloud-bigquery
    # via google-cloud-storage
googleapis-common-protos==1.70.0
    # via google-api-core
    # via grpc-google-iam-v1
    # via grpcio-status
greenlet==3.2.1
    # via sqlalchemy
griffe==1.7.3
    # via banks
grpc-google-iam-v1==0.14.2
    # via google-cloud-resource-manager
grpcio==1.71.0
    # via google-api-core
    # via googleapis-common-protos
    # via grpc-google-iam-v1
    # via grpcio-status
grpcio-status==1.62.3
    # via google-api-core
h11==0.16.0
    # via httpcore
    # via uvicorn
httpcore==1.0.9
    # via httpx
httpx==0.28.1
    # via cohere
    # via langchain-google-vertexai
    # via langsmith
    # via llama-cloud
    # via llama-index-core
    # via openai
httpx-sse==0.4.0
    # via cohere
    # via langchain-community
    # via langchain-google-vertexai
huggingface-hub==0.30.2
    # via sentence-transformers
    # via tokenizers
    # via transformers
idna==3.10
    # via anyio
    # via httpx
    # via requests
    # via yarl
itsdangerous==2.2.0
    # via flask
jinja2==3.1.6
    # via banks
    # via flask
    # via llama-cpp-python
    # via torch
jiter==0.9.0
    # via openai
joblib==1.4.2
    # via nltk
    # via scikit-learn
jsonpatch==1.33
    # via langchain-core
jsonpointer==3.0.0
    # via jsonpatch
langchain==0.3.24
    # via langchain-community
    # via rinj
langchain-community==0.3.23
    # via rinj
langchain-core==0.3.56
    # via langchain
    # via langchain-community
    # via langchain-google-genai
    # via langchain-google-vertexai
    # via langchain-postgres
    # via langchain-text-splitters
langchain-google-genai==2.1.4
    # via rinj
langchain-google-vertexai==2.0.21
    # via rinj
langchain-postgres==0.0.14
    # via rinj
langchain-text-splitters==0.3.8
    # via langchain
langsmith==0.1.147
    # via langchain
    # via langchain-community
    # via langchain-core
llama-cloud==0.1.19
    # via llama-cloud-services
    # via llama-index-indices-managed-llama-cloud
llama-cloud-services==0.6.20
    # via llama-parse
llama-cpp-python==0.3.8
    # via rinj
llama-index==0.12.34
    # via rinj
llama-index-agent-openai==0.4.6
    # via llama-index
    # via llama-index-program-openai
llama-index-cli==0.4.1
    # via llama-index
llama-index-core==0.12.34.post1
    # via llama-cloud-services
    # via llama-index
    # via llama-index-agent-openai
    # via llama-index-cli
    # via llama-index-embeddings-openai
    # via llama-index-indices-managed-llama-cloud
    # via llama-index-llms-openai
    # via llama-index-multi-modal-llms-openai
    # via llama-index-program-openai
    # via llama-index-question-gen-openai
    # via llama-index-readers-file
    # via llama-index-readers-llama-parse
llama-index-embeddings-openai==0.3.1
    # via llama-index
    # via llama-index-cli
llama-index-indices-managed-llama-cloud==0.6.11
    # via llama-index
llama-index-llms-openai==0.3.38
    # via llama-index
    # via llama-index-agent-openai
    # via llama-index-cli
    # via llama-index-multi-modal-llms-openai
    # via llama-index-program-openai
    # via llama-index-question-gen-openai
llama-index-multi-modal-llms-openai==0.4.3
    # via llama-index
llama-index-program-openai==0.3.1
    # via llama-index
    # via llama-index-question-gen-openai
llama-index-question-gen-openai==0.3.0
    # via llama-index
llama-index-readers-file==0.4.7
    # via llama-index
llama-index-readers-llama-parse==0.4.0
    # via llama-index
llama-parse==0.6.20
    # via llama-index-readers-llama-parse
llamacpp==0.1.14
    # via rinj
logging==0.4.9.6
    # via rinj
mako==1.3.10
    # via alembic
markupsafe==3.0.2
    # via jinja2
    # via mako
    # via werkzeug
marshmallow==3.26.1
    # via dataclasses-json
mpmath==1.3.0
    # via sympy
multidict==6.4.3
    # via aiohttp
    # via yarl
mypy-extensions==1.1.0
    # via typing-inspect
nest-asyncio==1.6.0
    # via llama-index-core
networkx==3.4.2
    # via llama-index-core
    # via torch
nltk==3.9.1
    # via llama-index
    # via llama-index-core
numexpr==2.10.2
    # via langchain-google-vertexai
numpy==1.26.4
    # via bottleneck
    # via langchain-community
    # via langchain-postgres
    # via llama-cpp-python
    # via llama-index-core
    # via numexpr
    # via pandas
    # via pgvector
    # via scikit-learn
    # via scipy
    # via shapely
    # via transformers
openai==1.76.2
    # via llama-index-agent-openai
    # via llama-index-embeddings-openai
    # via llama-index-llms-openai
    # via rinj
orjson==3.10.18
    # via langsmith
packaging==24.2
    # via google-cloud-aiplatform
    # via google-cloud-bigquery
    # via huggingface-hub
    # via langchain-core
    # via marshmallow
    # via transformers
pandas==2.2.3
    # via llama-index-readers-file
pgvector==0.3.6
    # via langchain-postgres
pillow==11.2.1
    # via llama-index-core
    # via sentence-transformers
platformdirs==4.3.7
    # via banks
    # via llama-cloud-services
propcache==0.3.1
    # via aiohttp
    # via yarl
proto-plus==1.26.1
    # via google-ai-generativelanguage
    # via google-api-core
    # via google-cloud-aiplatform
    # via google-cloud-resource-manager
protobuf==4.25.7
    # via google-ai-generativelanguage
    # via google-api-core
    # via google-cloud-aiplatform
    # via google-cloud-resource-manager
    # via googleapis-common-protos
    # via grpc-google-iam-v1
    # via grpcio-status
    # via proto-plus
psycopg==3.2.7
    # via langchain-postgres
    # via rinj
psycopg-pool==3.2.6
    # via langchain-postgres
pyarrow==19.0.1
    # via langchain-google-vertexai
pyasn1==0.6.1
    # via pyasn1-modules
    # via rsa
pyasn1-modules==0.4.2
    # via google-auth
pydantic==2.11.4
    # via banks
    # via cohere
    # via fastapi
    # via google-cloud-aiplatform
    # via langchain
    # via langchain-core
    # via langchain-google-genai
    # via langchain-google-vertexai
    # via langsmith
    # via llama-cloud
    # via llama-cloud-services
    # via llama-index-core
    # via openai
    # via pydantic-settings
pydantic-core==2.33.2
    # via cohere
    # via pydantic
pydantic-settings==2.9.1
    # via langchain-community
pypdf==5.4.0
    # via llama-index-readers-file
python-dateutil==2.9.0.post0
    # via google-cloud-bigquery
    # via pandas
python-dotenv==1.1.0
    # via llama-cloud-services
    # via pydantic-settings
pytz==2025.2
    # via pandas
pyyaml==6.0.2
    # via huggingface-hub
    # via langchain
    # via langchain-community
    # via langchain-core
    # via llama-index-core
    # via transformers
regex==2024.11.6
    # via nltk
    # via tiktoken
    # via transformers
requests==2.32.3
    # via cohere
    # via google-api-core
    # via google-cloud-bigquery
    # via google-cloud-storage
    # via huggingface-hub
    # via langchain
    # via langchain-community
    # via langsmith
    # via llama-index-core
    # via requests-toolbelt
    # via tiktoken
    # via transformers
requests-toolbelt==1.0.0
    # via langsmith
rsa==4.9.1
    # via google-auth
safetensors==0.5.3
    # via transformers
scikit-learn==1.6.1
    # via sentence-transformers
scipy==1.15.2
    # via scikit-learn
    # via sentence-transformers
sentence-transformers==4.1.0
    # via rinj
shapely==2.0.7
    # via google-cloud-aiplatform
six==1.17.0
    # via python-dateutil
sniffio==1.3.1
    # via anyio
    # via openai
soupsieve==2.7
    # via beautifulsoup4
sqlalchemy==2.0.40
    # via alembic
    # via flask-sqlalchemy
    # via langchain
    # via langchain-community
    # via langchain-postgres
    # via llama-index-core
starlette==0.46.2
    # via fastapi
striprtf==0.0.26
    # via llama-index-readers-file
sympy==1.14.0
    # via torch
tenacity==8.5.0
    # via langchain-community
    # via langchain-core
    # via llama-index-core
threadpoolctl==3.6.0
    # via scikit-learn
tiktoken==0.9.0
    # via llama-index-core
tokenizers==0.21.1
    # via cohere
    # via transformers
torch==2.7.0
    # via sentence-transformers
tqdm==4.67.1
    # via huggingface-hub
    # via llama-index-core
    # via nltk
    # via openai
    # via sentence-transformers
    # via transformers
transformers==4.51.3
    # via sentence-transformers
types-requests==2.32.0.20250328
    # via cohere
typing-extensions==4.13.2
    # via alembic
    # via anyio
    # via beautifulsoup4
    # via cohere
    # via fastapi
    # via google-cloud-aiplatform
    # via huggingface-hub
    # via langchain-core
    # via llama-cpp-python
    # via llama-index-core
    # via multidict
    # via openai
    # via psycopg
    # via psycopg-pool
    # via pydantic
    # via pydantic-core
    # via pypdf
    # via sentence-transformers
    # via sqlalchemy
    # via torch
    # via typing-inspect
    # via typing-inspection
    # via uvicorn
typing-inspect==0.9.0
    # via dataclasses-json
    # via llama-index-core
typing-inspection==0.4.0
    # via pydantic
    # via pydantic-settings
tzdata==2025.2
    # via pandas
    # via psycopg
urllib3==2.4.0
    # via requests
    # via types-requests
uvicorn==0.34.2
    # via rinj
validators==0.35.0
    # via langchain-google-vertexai
werkzeug==3.1.3
    # via flask
wrapt==1.17.2
    # via deprecated
    # via llama-index-core
yarl==1.20.0
    # via aiohttp
